
Microsoft Visual Studio Solution File, Format Version 12.00
# Visual Studio Version 17
VisualStudioVersion = 17.8.34525.116
MinimumVisualStudioVersion = 10.0.40219.1
Project("{FAE04EC0-301F-11D3-BF4B-00C04F79EFBC}") = "GuessNumberApp", "GuessNumberApp.csproj", "{C9C65D5C-058D-45C3-AE28-66897E1C6062}"
EndProject
Global
	GlobalSection(SolutionConfigurationPlatforms) = preSolution
		Debug|Any CPU = Debug|Any CPU
		Release|Any CPU = Release|Any CPU
	EndGlobalSection
	GlobalSection(ProjectConfigurationPlatforms) = postSolution
		{C9C65D5C-058D-45C3-AE28-66897E1C6062}.Debug|Any CPU.ActiveCfg = Debug|Any CPU
		{C9C65D5C-058D-45C3-AE28-66897E1C6062}.Debug|Any CPU.Build.0 = Debug|Any CPU
		{C9C65D5C-058D-45C3-AE28-66897E1C6062}.Release|Any CPU.ActiveCfg = Release|Any CPU
		{C9C65D5C-058D-45C3-AE28-66897E1C6062}.Release|Any CPU.Build.0 = Release|Any CPU
	EndGlobalSection
	GlobalSection(SolutionProperties) = preSolution
		HideSolutionNode = FALSE
	EndGlobalSection
	GlobalSection(ExtensibilityGlobals) = postSolution
		SolutionGuid = {547F922E-9984-4027-9CA1-FEB11058CD6F}
	EndGlobalSection
EndGlobal
